github.com/davecgh/go-spew v1.1.0 h1:ZDRjVQ15GmhC3fiQ8ni8+OwkZQO4DARzQgrnXU1Liz8=
github.com/davecgh/go-spew v1.1.0/go.mod h1:J7Y8YcW2NihsgmVo/mv3lAwl/skON4iLHjSsI+c5H38=
github.com/downflux/go-geometry v0.10.2 h1:Z79Khzl6AKMSMLnM5xG75fEOL1fmIWlF14+8j+r01D0=
github.com/downflux/go-geometry v0.10.2/go.mod h1:XWTzSaMiRMAxupAR+cXAsa1Q75TCSp1Shc/ydsJ0xVE=
github.com/downflux/go-pq v0.0.0-20220816082715-9b33bb1312b1 h1:RxUP6c/xaOXsbYutiupvFqTO3V6HhbUgHxqBr9aF9kY=
github.com/downflux/go-pq v0.0.0-20220816082715-9b33bb1312b1/go.mod h1:6amZrMlYUeY1Ba9T+0A11y2BBENzsUqMmu4o5CMndMk=
github.com/downflux/go-pq v0.1.0 h1:+W2Vp9w2W9fbYruQFyPEIkHwlULzS0OJ11q+JXAeOJ0=
github.com/downflux/go-pq v0.1.0/go.mod h1:6amZrMlYUeY1Ba9T+0A11y2BBENzsUqMmu4o5CMndMk=
github.com/google/go-cmp v0.5.8 h1:e6P7q2lk1O+qJJb4BtCQXlK8vWEO8V1ZeuEdJNOqZyg=
github.com/google/go-cmp v0.5.8/go.mod h1:17dUlkBOakJ0+DkrSSNjCkIjxS6bF9zb3elmeNGIjoY=
github.com/jupp0r/go-priority-queue v0.0.0-20160601094913-ab1073853bde h1:+5PMaaQtDUwOcJIUlmX89P0J3iwTvErTmyn5WghzXAQ=
github.com/jupp0r/go-priority-queue v0.0.0-20160601094913-ab1073853bde/go.mod h1:RDgD/dfPmIwFH0qdUOjw71HjtWg56CtyLIoHL+R1wJw=
github.com/kyroy/kdtree v0.0.0-20200419114247-70830f883f1d h1:1n5M/49q9H6QtNJiiVL/W5mqgT1UdlGQ7oLP+DkJ1vs=
github.com/kyroy/kdtree v0.0.0-20200419114247-70830f883f1d/go.mod h1:6oJGQK7VSg3RxSQ7QspgqpCmKjIbAslgT2wBXbFJUZw=
github.com/kyroy/priority-queue v0.0.0-20180327160706-6e21825e7e0c h1:1c7+XOOGQ19cXjZ1Ss/irljQxgPvb+8z+jNEprCXl20=
github.com/kyroy/priority-queue v0.0.0-20180327160706-6e21825e7e0c/go.mod h1:R477L6j2/dUcE0q0aftk0kR5Xt93W7g1066AodcJhEo=
github.com/pmezard/go-difflib v1.0.0 h1:4DBwDE0NGyQoBHbLQYPwSUPoCMWR5BEzIk/f1lZbAQM=
github.com/pmezard/go-difflib v1.0.0/go.mod h1:iKH77koFhYxTK1pcRnkKkqfTogsbg7gZNVY4sRDYZ/4=
github.com/stretchr/objx v0.1.0/go.mod h1:HFkY916IF+rwdDfMAkV7OtwuqBVzrE8GR6GFx+wExME=
github.com/stretchr/testify v1.4.0 h1:2E4SXV/wtOkTonXsotYi4li6zVWxYlZuYNCXe9XRJyk=
github.com/stretchr/testify v1.4.0/go.mod h1:j7eGeouHqKxXV5pUuKE4zz7dFj8WfuZ+81PSLYec5m4=
gopkg.in/check.v1 v0.0.0-20161208181325-20d25e280405/go.mod h1:Co6ibVJAznAaIkqp8huTwlJQCZ016jof/cbN4VW5Yz0=
gopkg.in/yaml.v2 v2.2.2 h1:ZCJp+EgiOT7lHqUV2J862kp8Qj64Jo6az82+3Td9dZw=
gopkg.in/yaml.v2 v2.2.2/go.mod h1:hI93XBmqTisBFMUTm0b8Fm+jr3Dg1NNxqwp+5A1VGuI=
