github.com/downflux/go-geometry v0.10.2 h1:Z79Khzl6AKMSMLnM5xG75fEOL1fmIWlF14+8j+r01D0=
github.com/downflux/go-geometry v0.10.2/go.mod h1:XWTzSaMiRMAxupAR+cXAsa1Q75TCSp1Shc/ydsJ0xVE=
github.com/google/go-cmp v0.5.8 h1:e6P7q2lk1O+qJJb4BtCQXlK8vWEO8V1ZeuEdJNOqZyg=
github.com/google/go-cmp v0.5.8/go.mod h1:17dUlkBOakJ0+DkrSSNjCkIjxS6bF9zb3elmeNGIjoY=
